
Microsoft Visual Studio Solution File, Format Version 12.00
# Visual Studio Version 17
VisualStudioVersion = 17.14.36212.18 d17.14
MinimumVisualStudioVersion = 10.0.40219.1
Project("{8BC9CEB8-8B4A-11D0-8D11-00A0C91BC942}") = "book_manager", "book_manager\book_manager.vcxproj", "{8B44684D-A1E9-46BF-814E-BC12696164D6}"
EndProject
Global
	GlobalSection(SolutionConfigurationPlatforms) = preSolution
		Debug|x64 = Debug|x64
		Debug|x86 = Debug|x86
		Release|x64 = Release|x64
		Release|x86 = Release|x86
	EndGlobalSection
	GlobalSection(ProjectConfigurationPlatforms) = postSolution
		{8B44684D-A1E9-46BF-814E-BC12696164D6}.Debug|x64.ActiveCfg = Debug|x64
		{8B44684D-A1E9-46BF-814E-BC12696164D6}.Debug|x64.Build.0 = Debug|x64
		{8B44684D-A1E9-46BF-814E-BC12696164D6}.Debug|x86.ActiveCfg = Debug|Win32
		{8B44684D-A1E9-46BF-814E-BC12696164D6}.Debug|x86.Build.0 = Debug|Win32
		{8B44684D-A1E9-46BF-814E-BC12696164D6}.Release|x64.ActiveCfg = Release|x64
		{8B44684D-A1E9-46BF-814E-BC12696164D6}.Release|x64.Build.0 = Release|x64
		{8B44684D-A1E9-46BF-814E-BC12696164D6}.Release|x86.ActiveCfg = Release|Win32
		{8B44684D-A1E9-46BF-814E-BC12696164D6}.Release|x86.Build.0 = Release|Win32
	EndGlobalSection
	GlobalSection(SolutionProperties) = preSolution
		HideSolutionNode = FALSE
	EndGlobalSection
	GlobalSection(ExtensibilityGlobals) = postSolution
		SolutionGuid = {5DC6D80B-48EB-45CD-9F77-C3979857AEB6}
	EndGlobalSection
EndGlobal
